
Microsoft Visual Studio Solution File, Format Version 12.00
Project("{FAE04EC0-301F-11D3-BF4B-00C04F79EFBC}") = "Receipt-Processor", "Receipt-Processor.csproj", "{A83C1BD8-1B49-4D29-88DC-71D503ED741F}"
EndProject
Global
	GlobalSection(SolutionConfigurationPlatforms) = preSolution
		Debug|Any CPU = Debug|Any CPU
		Release|Any CPU = Release|Any CPU
	EndGlobalSection
	GlobalSection(ProjectConfigurationPlatforms) = postSolution
		{A83C1BD8-1B49-4D29-88DC-71D503ED741F}.Debug|Any CPU.ActiveCfg = Debug|Any CPU
		{A83C1BD8-1B49-4D29-88DC-71D503ED741F}.Debug|Any CPU.Build.0 = Debug|Any CPU
		{A83C1BD8-1B49-4D29-88DC-71D503ED741F}.Release|Any CPU.ActiveCfg = Release|Any CPU
		{A83C1BD8-1B49-4D29-88DC-71D503ED741F}.Release|Any CPU.Build.0 = Release|Any CPU
	EndGlobalSection
EndGlobal
